
Microsoft Visual Studio Solution File, Format Version 12.00
# Visual Studio 14
VisualStudioVersion = 14.0.25420.1
MinimumVisualStudioVersion = 10.0.40219.1
Project("{FAE04EC0-301F-11D3-BF4B-00C04F79EFBC}") = "WindowsFormsApplication1", "WindowsFormsApplication1\WindowsFormsApplication1.csproj", "{06F42A5C-0943-4811-A6E9-32BCACB24CCC}"
EndProject
Project("{FAE04EC0-301F-11D3-BF4B-00C04F79EFBC}") = "ConsoleApplication1", "ConsoleApplication1\ConsoleApplication1.csproj", "{0ABFE75A-60B6-45AA-94EE-2B94CFC8AB4B}"
EndProject
Project("{FAE04EC0-301F-11D3-BF4B-00C04F79EFBC}") = "CSharp-easy-RSA-PEM", "..\CSharp-easy-RSA-PEM-master\CSharp-easy-RSA-PEM\CSharp-easy-RSA-PEM\CSharp-easy-RSA-PEM.csproj", "{056A5520-3311-4558-B4E4-AC2711F334AA}"
EndProject
Project("{FAE04EC0-301F-11D3-BF4B-00C04F79EFBC}") = "Load-Encrypt-Decrypt-Save", "..\CSharp-easy-RSA-PEM-master\CSharp-easy-RSA-PEM\Load-Encrypt-Decrypt-Save\Load-Encrypt-Decrypt-Save.csproj", "{AE4EA9CA-04EF-4185-8EB2-9BE2CC8BD959}"
EndProject
Project("{FAE04EC0-301F-11D3-BF4B-00C04F79EFBC}") = "ObjectLibrary", "ObjectLibrary\ObjectLibrary.csproj", "{BD53FC41-7F7A-40BD-A2CD-B4EDFFC9FDAF}"
EndProject
Global
	GlobalSection(SolutionConfigurationPlatforms) = preSolution
		Debug|Any CPU = Debug|Any CPU
		Release|Any CPU = Release|Any CPU
	EndGlobalSection
	GlobalSection(ProjectConfigurationPlatforms) = postSolution
		{06F42A5C-0943-4811-A6E9-32BCACB24CCC}.Debug|Any CPU.ActiveCfg = Debug|Any CPU
		{06F42A5C-0943-4811-A6E9-32BCACB24CCC}.Debug|Any CPU.Build.0 = Debug|Any CPU
		{06F42A5C-0943-4811-A6E9-32BCACB24CCC}.Release|Any CPU.ActiveCfg = Release|Any CPU
		{06F42A5C-0943-4811-A6E9-32BCACB24CCC}.Release|Any CPU.Build.0 = Release|Any CPU
		{0ABFE75A-60B6-45AA-94EE-2B94CFC8AB4B}.Debug|Any CPU.ActiveCfg = Debug|Any CPU
		{0ABFE75A-60B6-45AA-94EE-2B94CFC8AB4B}.Debug|Any CPU.Build.0 = Debug|Any CPU
		{0ABFE75A-60B6-45AA-94EE-2B94CFC8AB4B}.Release|Any CPU.ActiveCfg = Release|Any CPU
		{0ABFE75A-60B6-45AA-94EE-2B94CFC8AB4B}.Release|Any CPU.Build.0 = Release|Any CPU
		{056A5520-3311-4558-B4E4-AC2711F334AA}.Debug|Any CPU.ActiveCfg = Debug|Any CPU
		{056A5520-3311-4558-B4E4-AC2711F334AA}.Debug|Any CPU.Build.0 = Debug|Any CPU
		{056A5520-3311-4558-B4E4-AC2711F334AA}.Release|Any CPU.ActiveCfg = Release|Any CPU
		{056A5520-3311-4558-B4E4-AC2711F334AA}.Release|Any CPU.Build.0 = Release|Any CPU
		{AE4EA9CA-04EF-4185-8EB2-9BE2CC8BD959}.Debug|Any CPU.ActiveCfg = Debug|Any CPU
		{AE4EA9CA-04EF-4185-8EB2-9BE2CC8BD959}.Debug|Any CPU.Build.0 = Debug|Any CPU
		{AE4EA9CA-04EF-4185-8EB2-9BE2CC8BD959}.Release|Any CPU.ActiveCfg = Release|Any CPU
		{AE4EA9CA-04EF-4185-8EB2-9BE2CC8BD959}.Release|Any CPU.Build.0 = Release|Any CPU
		{BD53FC41-7F7A-40BD-A2CD-B4EDFFC9FDAF}.Debug|Any CPU.ActiveCfg = Debug|Any CPU
		{BD53FC41-7F7A-40BD-A2CD-B4EDFFC9FDAF}.Debug|Any CPU.Build.0 = Debug|Any CPU
		{BD53FC41-7F7A-40BD-A2CD-B4EDFFC9FDAF}.Release|Any CPU.ActiveCfg = Release|Any CPU
		{BD53FC41-7F7A-40BD-A2CD-B4EDFFC9FDAF}.Release|Any CPU.Build.0 = Release|Any CPU
	EndGlobalSection
	GlobalSection(SolutionProperties) = preSolution
		HideSolutionNode = FALSE
	EndGlobalSection
EndGlobal
